
Microsoft Visual Studio Solution File, Format Version 12.00
# Visual Studio Version 17
VisualStudioVersion = 17.14.36603.0
MinimumVisualStudioVersion = 10.0.40219.1
Project("{FAE04EC0-301F-11D3-BF4B-00C04F79EFBC}") = "Fluxo De Atendimento", "FluxoDeAtendimento\Fluxo De Atendimento.csproj", "{8CC023E5-C059-40D6-A1FC-DF4ED649D0B3}"
EndProject
Global
	GlobalSection(SolutionConfigurationPlatforms) = preSolution
		Debug|Any CPU = Debug|Any CPU
		Release|Any CPU = Release|Any CPU
	EndGlobalSection
	GlobalSection(ProjectConfigurationPlatforms) = postSolution
		{8CC023E5-C059-40D6-A1FC-DF4ED649D0B3}.Debug|Any CPU.ActiveCfg = Debug|Any CPU
		{8CC023E5-C059-40D6-A1FC-DF4ED649D0B3}.Debug|Any CPU.Build.0 = Debug|Any CPU
		{8CC023E5-C059-40D6-A1FC-DF4ED649D0B3}.Release|Any CPU.ActiveCfg = Release|Any CPU
		{8CC023E5-C059-40D6-A1FC-DF4ED649D0B3}.Release|Any CPU.Build.0 = Release|Any CPU
	EndGlobalSection
	GlobalSection(SolutionProperties) = preSolution
		HideSolutionNode = FALSE
	EndGlobalSection
	GlobalSection(ExtensibilityGlobals) = postSolution
		SolutionGuid = {622F20A5-7FAB-493C-8884-223D4DEE04DE}
	EndGlobalSection
EndGlobal
